// !$*UTF8*$!
{
	archiveVersion = 1;
	classes = {
	};
	objectVersion = 46;
	objects = {

/* Begin PBXBuildFile section */
		A6CB4EEF1C063FC600F37DA8 /* AppDelegate.swift in Sources */ = {isa = PBXBuildFile; fileRef = A6CB4EEE1C063FC600F37DA8 /* AppDelegate.swift */; };
		A6CB4EF11C063FC600F37DA8 /* ViewController.swift in Sources */ = {isa = PBXBuildFile; fileRef = A6CB4EF01C063FC600F37DA8 /* ViewController.swift */; };
		A6CB4EF41C063FC600F37DA8 /* Main.storyboard in Resources */ = {isa = PBXBuildFile; fileRef = A6CB4EF21C063FC600F37DA8 /* Main.storyboard */; };
		A6CB4EF61C063FC600F37DA8 /* Assets.xcassets in Resources */ = {isa = PBXBuildFile; fileRef = A6CB4EF51C063FC600F37DA8 /* Assets.xcassets */; };
		A6CB4EF91C063FC600F37DA8 /* LaunchScreen.storyboard in Resources */ = {isa = PBXBuildFile; fileRef = A6CB4EF71C063FC600F37DA8 /* LaunchScreen.storyboard */; };
		A6CB4F041C063FC600F37DA8 /* SwiftRSSTests.swift in Sources */ = {isa = PBXBuildFile; fileRef = A6CB4F031C063FC600F37DA8 /* SwiftRSSTests.swift */; };
		A6CB4F0F1C063FC600F37DA8 /* SwiftRSSUITests.swift in Sources */ = {isa = PBXBuildFile; fileRef = A6CB4F0E1C063FC600F37DA8 /* SwiftRSSUITests.swift */; };
/* End PBXBuildFile section */

/* Begin PBXContainerItemProxy section */
		A6CB4F001C063FC600F37DA8 /* PBXContainerItemProxy */ = {
			isa = PBXContainerItemProxy;
			containerPortal = A6CB4EE31C063FC600F37DA8 /* Project object */;
			proxyType = 1;
			remoteGlobalIDString = A6CB4EEA1C063FC600F37DA8;
			remoteInfo = SwiftRSS;
		};
		A6CB4F0B1C063FC600F37DA8 /* PBXContainerItemProxy */ = {
			isa = PBXContainerItemProxy;
			containerPortal = A6CB4EE31C063FC600F37DA8 /* Project object */;
			proxyType = 1;
			remoteGlobalIDString = A6CB4EEA1C063FC600F37DA8;
			remoteInfo = SwiftRSS;
		};
/* End PBXContainerItemProxy section */

/* Begin PBXFileReference section */
		A6CB4EEB1C063FC600F37DA8 /* SwiftRSS.app */ = {isa = PBXFileReference; explicitFileType = wrapper.application; includeInIndex = 0; path = SwiftRSS.app; sourceTree = BUILT_PRODUCTS_DIR; };
		A6CB4EEE1C063FC600F37DA8 /* AppDelegate.swift */ = {isa = PBXFileReference; lastKnownFileType = sourcecode.swift; path = AppDelegate.swift; sourceTree = "<group>"; };
		A6CB4EF01C063FC600F37DA8 /* ViewController.swift */ = {isa = PBXFileReference; lastKnownFileType = sourcecode.swift; path = ViewController.swift; sourceTree = "<group>"; };
		A6CB4EF31C063FC600F37DA8 /* Base */ = {isa = PBXFileReference; lastKnownFileType = file.storyboard; name = Base; path = Base.lproj/Main.storyboard; sourceTree = "<group>"; };
		A6CB4EF51C063FC600F37DA8 /* Assets.xcassets */ = {isa = PBXFileReference; lastKnownFileType = folder.assetcatalog; path = Assets.xcassets; sourceTree = "<group>"; };
		A6CB4EF81C063FC600F37DA8 /* Base */ = {isa = PBXFileReference; lastKnownFileType = file.storyboard; name = Base; path = Base.lproj/LaunchScreen.storyboard; sourceTree = "<group>"; };
		A6CB4EFA1C063FC600F37DA8 /* Info.plist */ = {isa = PBXFileReference; lastKnownFileType = text.plist.xml; path = Info.plist; sourceTree = "<group>"; };
		A6CB4EFF1C063FC600F37DA8 /* SwiftRSSTests.xctest */ = {isa = PBXFileReference; explicitFileType = wrapper.cfbundle; includeInIndex = 0; path = SwiftRSSTests.xctest; sourceTree = BUILT_PRODUCTS_DIR; };
		A6CB4F031C063FC600F37DA8 /* SwiftRSSTests.swift */ = {isa = PBXFileReference; lastKnownFileType = sourcecode.swift; path = SwiftRSSTests.swift; sourceTree = "<group>"; };
		A6CB4F051C063FC600F37DA8 /* Info.plist */ = {isa = PBXFileReference; lastKnownFileType = text.plist.xml; path = Info.plist; sourceTree = "<group>"; };
		A6CB4F0A1C063FC600F37DA8 /* SwiftRSSUITests.xctest */ = {isa = PBXFileReference; explicitFileType = wrapper.cfbundle; includeInIndex = 0; path = SwiftRSSUITests.xctest; sourceTree = BUILT_PRODUCTS_DIR; };
		A6CB4F0E1C063FC600F37DA8 /* SwiftRSSUITests.swift */ = {isa = PBXFileReference; lastKnownFileType = sourcecode.swift; path = SwiftRSSUITests.swift; sourceTree = "<group>"; };
		A6CB4F101C063FC600F37DA8 /* Info.plist */ = {isa = PBXFileReference; lastKnownFileType = text.plist.xml; path = Info.plist; sourceTree = "<group>"; };
/* End PBXFileReference section */

/* Begin PBXFrameworksBuildPhase section */
		A6CB4EE81C063FC600F37DA8 /* Frameworks */ = {
			isa = PBXFrameworksBuildPhase;
			buildActionMask = 2147483647;
			files = (
			);
			runOnlyForDeploymentPostprocessing = 0;
		};
		A6CB4EFC1C063FC600F37DA8 /* Frameworks */ = {
			isa = PBXFrameworksBuildPhase;
			buildActionMask = 2147483647;
			files = (
			);
			runOnlyForDeploymentPostprocessing = 0;
		};
		A6CB4F071C063FC600F37DA8 /* Frameworks */ = {
			isa = PBXFrameworksBuildPhase;
			buildActionMask = 2147483647;
			files = (
			);
			runOnlyForDeploymentPostprocessing = 0;
		};
/* End PBXFrameworksBuildPhase section */

/* Begin PBXGroup section */
		A6CB4EE21C063FC600F37DA8 = {
			isa = PBXGroup;
			children = (
				A6CB4EED1C063FC600F37DA8 /* SwiftRSS */,
				A6CB4F021C063FC600F37DA8 /* SwiftRSSTests */,
				A6CB4F0D1C063FC600F37DA8 /* SwiftRSSUITests */,
				A6CB4EEC1C063FC600F37DA8 /* Products */,
			);
			sourceTree = "<group>";
		};
		A6CB4EEC1C063FC600F37DA8 /* Products */ = {
			isa = PBXGroup;
			children = (
				A6CB4EEB1C063FC600F37DA8 /* SwiftRSS.app */,
				A6CB4EFF1C063FC600F37DA8 /* SwiftRSSTests.xctest */,
				A6CB4F0A1C063FC600F37DA8 /* SwiftRSSUITests.xctest */,
			);
			name = Products;
			sourceTree = "<group>";
		};
		A6CB4EED1C063FC600F37DA8 /* SwiftRSS */ = {
			isa = PBXGroup;
			children = (
				A6CB4EEE1C063FC600F37DA8 /* AppDelegate.swift */,
				A6CB4EF01C063FC600F37DA8 /* ViewController.swift */,
				A6CB4EF21C063FC600F37DA8 /* Main.storyboard */,
				A6CB4EF51C063FC600F37DA8 /* Assets.xcassets */,
				A6CB4EF71C063FC600F37DA8 /* LaunchScreen.storyboard */,
				A6CB4EFA1C063FC600F37DA8 /* Info.plist */,
			);
			path = SwiftRSS;
			sourceTree = "<group>";
		};
		A6CB4F021C063FC600F37DA8 /* SwiftRSSTests */ = {
			isa = PBXGroup;
			children = (
				A6CB4F031C063FC600F37DA8 /* SwiftRSSTests.swift */,
				A6CB4F051C063FC600F37DA8 /* Info.plist */,
			);
			path = SwiftRSSTests;
			sourceTree = "<group>";
		};
		A6CB4F0D1C063FC600F37DA8 /* SwiftRSSUITests */ = {
			isa = PBXGroup;
			children = (
				A6CB4F0E1C063FC600F37DA8 /* SwiftRSSUITests.swift */,
				A6CB4F101C063FC600F37DA8 /* Info.plist */,
			);
			path = SwiftRSSUITests;
			sourceTree = "<group>";
		};
/* End PBXGroup section */

/* Begin PBXNativeTarget section */
		A6CB4EEA1C063FC600F37DA8 /* SwiftRSS */ = {
			isa = PBXNativeTarget;
			buildConfigurationList = A6CB4F131C063FC600F37DA8 /* Build configuration list for PBXNativeTarget "SwiftRSS" */;
			buildPhases = (
				A6CB4EE71C063FC600F37DA8 /* Sources */,
				A6CB4EE81C063FC600F37DA8 /* Frameworks */,
				A6CB4EE91C063FC600F37DA8 /* Resources */,
			);
			buildRules = (
			);
			dependencies = (
			);
			name = SwiftRSS;
			productName = SwiftRSS;
			productReference = A6CB4EEB1C063FC600F37DA8 /* SwiftRSS.app */;
			productType = "com.apple.product-type.application";
		};
		A6CB4EFE1C063FC600F37DA8 /* SwiftRSSTests */ = {
			isa = PBXNativeTarget;
			buildConfigurationList = A6CB4F161C063FC600F37DA8 /* Build configuration list for PBXNativeTarget "SwiftRSSTests" */;
			buildPhases = (
				A6CB4EFB1C063FC600F37DA8 /* Sources */,
				A6CB4EFC1C063FC600F37DA8 /* Frameworks */,
				A6CB4EFD1C063FC600F37DA8 /* Resources */,
			);
			buildRules = (
			);
			dependencies = (
				A6CB4F011C063FC600F37DA8 /* PBXTargetDependency */,
			);
			name = SwiftRSSTests;
			productName = SwiftRSSTests;
			productReference = A6CB4EFF1C063FC600F37DA8 /* SwiftRSSTests.xctest */;
			productType = "com.apple.product-type.bundle.unit-test";
		};
		A6CB4F091C063FC600F37DA8 /* SwiftRSSUITests */ = {
			isa = PBXNativeTarget;
			buildConfigurationList = A6CB4F191C063FC600F37DA8 /* Build configuration list for PBXNativeTarget "SwiftRSSUITests" */;
			buildPhases = (
				A6CB4F061C063FC600F37DA8 /* Sources */,
				A6CB4F071C063FC600F37DA8 /* Frameworks */,
				A6CB4F081C063FC600F37DA8 /* Resources */,
			);
			buildRules = (
			);
			dependencies = (
				A6CB4F0C1C063FC600F37DA8 /* PBXTargetDependency */,
			);
			name = SwiftRSSUITests;
			productName = SwiftRSSUITests;
			productReference = A6CB4F0A1C063FC600F37DA8 /* SwiftRSSUITests.xctest */;
			productType = "com.apple.product-type.bundle.ui-testing";
		};
/* End PBXNativeTarget section */

/* Begin PBXProject section */
		A6CB4EE31C063FC600F37DA8 /* Project object */ = {
			isa = PBXProject;
			attributes = {
				LastSwiftUpdateCheck = 0710;
				LastUpgradeCheck = 0710;
				ORGANIZATIONNAME = "Teklabs, LLC";
				TargetAttributes = {
					A6CB4EEA1C063FC600F37DA8 = {
						CreatedOnToolsVersion = 7.1.1;
					};
					A6CB4EFE1C063FC600F37DA8 = {
						CreatedOnToolsVersion = 7.1.1;
						TestTargetID = A6CB4EEA1C063FC600F37DA8;
					};
					A6CB4F091C063FC600F37DA8 = {
						CreatedOnToolsVersion = 7.1.1;
						TestTargetID = A6CB4EEA1C063FC600F37DA8;
					};
				};
			};
			buildConfigurationList = A6CB4EE61C063FC600F37DA8 /* Build configuration list for PBXProject "SwiftRSS" */;
			compatibilityVersion = "Xcode 3.2";
			developmentRegion = English;
			hasScannedForEncodings = 0;
			knownRegions = (
				en,
				Base,
			);
			mainGroup = A6CB4EE21C063FC600F37DA8;
			productRefGroup = A6CB4EEC1C063FC600F37DA8 /* Products */;
			projectDirPath = "";
			projectRoot = "";
			targets = (
				A6CB4EEA1C063FC600F37DA8 /* SwiftRSS */,
				A6CB4EFE1C063FC600F37DA8 /* SwiftRSSTests */,
				A6CB4F091C063FC600F37DA8 /* SwiftRSSUITests */,
			);
		};
/* End PBXProject section */

/* Begin PBXResourcesBuildPhase section */
		A6CB4EE91C063FC600F37DA8 /* Resources */ = {
			isa = PBXResourcesBuildPhase;
			buildActionMask = 2147483647;
			files = (
				A6CB4EF91C063FC600F37DA8 /* LaunchScreen.storyboard in Resources */,
				A6CB4EF61C063FC600F37DA8 /* Assets.xcassets in Resources */,
				A6CB4EF41C063FC600F37DA8 /* Main.storyboard in Resources */,
			);
			runOnlyForDeploymentPostprocessing = 0;
		};
		A6CB4EFD1C063FC600F37DA8 /* Resources */ = {
			isa = PBXResourcesBuildPhase;
			buildActionMask = 2147483647;
			files = (
			);
			runOnlyForDeploymentPostprocessing = 0;
		};
		A6CB4F081C063FC600F37DA8 /* Resources */ = {
			isa = PBXResourcesBuildPhase;
			buildActionMask = 2147483647;
			files = (
			);
			runOnlyForDeploymentPostprocessing = 0;
		};
/* End PBXResourcesBuildPhase section */

/* Begin PBXSourcesBuildPhase section */
		A6CB4EE71C063FC600F37DA8 /* Sources */ = {
			isa = PBXSourcesBuildPhase;
			buildActionMask = 2147483647;
			files = (
				A6CB4EF11C063FC600F37DA8 /* ViewController.swift in Sources */,
				A6CB4EEF1C063FC600F37DA8 /* AppDelegate.swift in Sources */,
			);
			runOnlyForDeploymentPostprocessing = 0;
		};
		A6CB4EFB1C063FC600F37DA8 /* Sources */ = {
			isa = PBXSourcesBuildPhase;
			buildActionMask = 2147483647;
			files = (
				A6CB4F041C063FC600F37DA8 /* SwiftRSSTests.swift in Sources */,
			);
			runOnlyForDeploymentPostprocessing = 0;
		};
		A6CB4F061C063FC600F37DA8 /* Sources */ = {
			isa = PBXSourcesBuildPhase;
			buildActionMask = 2147483647;
			files = (
				A6CB4F0F1C063FC600F37DA8 /* SwiftRSSUITests.swift in Sources */,
			);
			runOnlyForDeploymentPostprocessing = 0;
		};
/* End PBXSourcesBuildPhase section */

/* Begin PBXTargetDependency section */
		A6CB4F011C063FC600F37DA8 /* PBXTargetDependency */ = {
			isa = PBXTargetDependency;
			target = A6CB4EEA1C063FC600F37DA8 /* SwiftRSS */;
			targetProxy = A6CB4F001C063FC600F37DA8 /* PBXContainerItemProxy */;
		};
		A6CB4F0C1C063FC600F37DA8 /* PBXTargetDependency */ = {
			isa = PBXTargetDependency;
			target = A6CB4EEA1C063FC600F37DA8 /* SwiftRSS */;
			targetProxy = A6CB4F0B1C063FC600F37DA8 /* PBXContainerItemProxy */;
		};
/* End PBXTargetDependency section */

/* Begin PBXVariantGroup section */
		A6CB4EF21C063FC600F37DA8 /* Main.storyboard */ = {
			isa = PBXVariantGroup;
			children = (
				A6CB4EF31C063FC600F37DA8 /* Base */,
			);
			name = Main.storyboard;
			sourceTree = "<group>";
		};
		A6CB4EF71C063FC600F37DA8 /* LaunchScreen.storyboard */ = {
			isa = PBXVariantGroup;
			children = (
				A6CB4EF81C063FC600F37DA8 /* Base */,
			);
			name = LaunchScreen.storyboard;
			sourceTree = "<group>";
		};
/* End PBXVariantGroup section */

/* Begin XCBuildConfiguration section */
		A6CB4F111C063FC600F37DA8 /* Debug */ = {
			isa = XCBuildConfiguration;
			buildSettings = {
				ALWAYS_SEARCH_USER_PATHS = NO;
				CLANG_CXX_LANGUAGE_STANDARD = "gnu++0x";
				CLANG_CXX_LIBRARY = "libc++";
				CLANG_ENABLE_MODULES = YES;
				CLANG_ENABLE_OBJC_ARC = YES;
				CLANG_WARN_BOOL_CONVERSION = YES;
				CLANG_WARN_CONSTANT_CONVERSION = YES;
				CLANG_WARN_DIRECT_OBJC_ISA_USAGE = YES_ERROR;
				CLANG_WARN_EMPTY_BODY = YES;
				CLANG_WARN_ENUM_CONVERSION = YES;
				CLANG_WARN_INT_CONVERSION = YES;
				CLANG_WARN_OBJC_ROOT_CLASS = YES_ERROR;
				CLANG_WARN_UNREACHABLE_CODE = YES;
				CLANG_WARN__DUPLICATE_METHOD_MATCH = YES;
				"CODE_SIGN_IDENTITY[sdk=iphoneos*]" = "iPhone Developer";
				COPY_PHASE_STRIP = NO;
				DEBUG_INFORMATION_FORMAT = dwarf;
				ENABLE_STRICT_OBJC_MSGSEND = YES;
				ENABLE_TESTABILITY = YES;
				GCC_C_LANGUAGE_STANDARD = gnu99;
				GCC_DYNAMIC_NO_PIC = NO;
				GCC_NO_COMMON_BLOCKS = YES;
				GCC_OPTIMIZATION_LEVEL = 0;
				GCC_PREPROCESSOR_DEFINITIONS = (
					"DEBUG=1",
					"$(inherited)",
				);
				GCC_WARN_64_TO_32_BIT_CONVERSION = YES;
				GCC_WARN_ABOUT_RETURN_TYPE = YES_ERROR;
				GCC_WARN_UNDECLARED_SELECTOR = YES;
				GCC_WARN_UNINITIALIZED_AUTOS = YES_AGGRESSIVE;
				GCC_WARN_UNUSED_FUNCTION = YES;
				GCC_WARN_UNUSED_VARIABLE = YES;
				IPHONEOS_DEPLOYMENT_TARGET = 9.1;
				MTL_ENABLE_DEBUG_INFO = YES;
				ONLY_ACTIVE_ARCH = YES;
				SDKROOT = iphoneos;
				SWIFT_OPTIMIZATION_LEVEL = "-Onone";
			};
			name = Debug;
		};
		A6CB4F121C063FC600F37DA8 /* Release */ = {
			isa = XCBuildConfiguration;
			buildSettings = {
				ALWAYS_SEARCH_USER_PATHS = NO;
				CLANG_CXX_LANGUAGE_STANDARD = "gnu++0x";
				CLANG_CXX_LIBRARY = "libc++";
				CLANG_ENABLE_MODULES = YES;
				CLANG_ENABLE_OBJC_ARC = YES;
				CLANG_WARN_BOOL_CONVERSION = YES;
				CLANG_WARN_CONSTANT_CONVERSION = YES;
				CLANG_WARN_DIRECT_OBJC_ISA_USAGE = YES_ERROR;
				CLANG_WARN_EMPTY_BODY = YES;
				CLANG_WARN_ENUM_CONVERSION = YES;
				CLANG_WARN_INT_CONVERSION = YES;
				CLANG_WARN_OBJC_ROOT_CLASS = YES_ERROR;
				CLANG_WARN_UNREACHABLE_CODE = YES;
				CLANG_WARN__DUPLICATE_METHOD_MATCH = YES;
				"CODE_SIGN_IDENTITY[sdk=iphoneos*]" = "iPhone Developer";
				COPY_PHASE_STRIP = NO;
				DEBUG_INFORMATION_FORMAT = "dwarf-with-dsym";
				ENABLE_NS_ASSERTIONS = NO;
				ENABLE_STRICT_OBJC_MSGSEND = YES;
				GCC_C_LANGUAGE_STANDARD = gnu99;
				GCC_NO_COMMON_BLOCKS = YES;
				GCC_WARN_64_TO_32_BIT_CONVERSION = YES;
				GCC_WARN_ABOUT_RETURN_TYPE = YES_ERROR;
				GCC_WARN_UNDECLARED_SELECTOR = YES;
				GCC_WARN_UNINITIALIZED_AUTOS = YES_AGGRESSIVE;
				GCC_WARN_UNUSED_FUNCTION = YES;
				GCC_WARN_UNUSED_VARIABLE = YES;
				IPHONEOS_DEPLOYMENT_TARGET = 9.1;
				MTL_ENABLE_DEBUG_INFO = NO;
				SDKROOT = iphoneos;
				VALIDATE_PRODUCT = YES;
			};
			name = Release;
		};
		A6CB4F141C063FC600F37DA8 /* Debug */ = {
			isa = XCBuildConfiguration;
			buildSettings = {
				ASSETCATALOG_COMPILER_APPICON_NAME = AppIcon;
				INFOPLIST_FILE = SwiftRSS/Info.plist;
				LD_RUNPATH_SEARCH_PATHS = "$(inherited) @executable_path/Frameworks";
				PRODUCT_BUNDLE_IDENTIFIER = com.teklabsco.SwiftRSS;
				PRODUCT_NAME = "$(TARGET_NAME)";
			};
			name = Debug;
		};
		A6CB4F151C063FC600F37DA8 /* Release */ = {
			isa = XCBuildConfiguration;
			buildSettings = {
				ASSETCATALOG_COMPILER_APPICON_NAME = AppIcon;
				INFOPLIST_FILE = SwiftRSS/Info.plist;
				LD_RUNPATH_SEARCH_PATHS = "$(inherited) @executable_path/Frameworks";
				PRODUCT_BUNDLE_IDENTIFIER = com.teklabsco.SwiftRSS;
				PRODUCT_NAME = "$(TARGET_NAME)";
			};
			name = Release;
		};
		A6CB4F171C063FC600F37DA8 /* Debug */ = {
			isa = XCBuildConfiguration;
			buildSettings = {
				BUNDLE_LOADER = "$(TEST_HOST)";
				INFOPLIST_FILE = SwiftRSSTests/Info.plist;
				LD_RUNPATH_SEARCH_PATHS = "$(inherited) @executable_path/Frameworks @loader_path/Frameworks";
				PRODUCT_BUNDLE_IDENTIFIER = com.teklabsco.SwiftRSSTests;
				PRODUCT_NAME = "$(TARGET_NAME)";
				TEST_HOST = "$(BUILT_PRODUCTS_DIR)/SwiftRSS.app/SwiftRSS";
			};
			name = Debug;
		};
		A6CB4F181C063FC600F37DA8 /* Release */ = {
			isa = XCBuildConfiguration;
			buildSettings = {
				BUNDLE_LOADER = "$(TEST_HOST)";
				INFOPLIST_FILE = SwiftRSSTests/Info.plist;
				LD_RUNPATH_SEARCH_PATHS = "$(inherited) @executable_path/Frameworks @loader_path/Frameworks";
				PRODUCT_BUNDLE_IDENTIFIER = com.teklabsco.SwiftRSSTests;
				PRODUCT_NAME = "$(TARGET_NAME)";
				TEST_HOST = "$(BUILT_PRODUCTS_DIR)/SwiftRSS.app/SwiftRSS";
			};
			name = Release;
		};
		A6CB4F1A1C063FC600F37DA8 /* Debug */ = {
			isa = XCBuildConfiguration;
			buildSettings = {
				INFOPLIST_FILE = SwiftRSSUITests/Info.plist;
				LD_RUNPATH_SEARCH_PATHS = "$(inherited) @executable_path/Frameworks @loader_path/Frameworks";
				PRODUCT_BUNDLE_IDENTIFIER = com.teklabsco.SwiftRSSUITests;
				PRODUCT_NAME = "$(TARGET_NAME)";
				TEST_TARGET_NAME = SwiftRSS;
				USES_XCTRUNNER = YES;
			};
			name = Debug;
		};
		A6CB4F1B1C063FC600F37DA8 /* Release */ = {
			isa = XCBuildConfiguration;
			buildSettings = {
				INFOPLIST_FILE = SwiftRSSUITests/Info.plist;
				LD_RUNPATH_SEARCH_PATHS = "$(inherited) @executable_path/Frameworks @loader_path/Frameworks";
				PRODUCT_BUNDLE_IDENTIFIER = com.teklabsco.SwiftRSSUITests;
				PRODUCT_NAME = "$(TARGET_NAME)";
				TEST_TARGET_NAME = SwiftRSS;
				USES_XCTRUNNER = YES;
			};
			name = Release;
		};
/* End XCBuildConfiguration section */

/* Begin XCConfigurationList section */
		A6CB4EE61C063FC600F37DA8 /* Build configuration list for PBXProject "SwiftRSS" */ = {
			isa = XCConfigurationList;
			buildConfigurations = (
				A6CB4F111C063FC600F37DA8 /* Debug */,
				A6CB4F121C063FC600F37DA8 /* Release */,
			);
			defaultConfigurationIsVisible = 0;
			defaultConfigurationName = Release;
		};
		A6CB4F131C063FC600F37DA8 /* Build configuration list for PBXNativeTarget "SwiftRSS" */ = {
			isa = XCConfigurationList;
			buildConfigurations = (
				A6CB4F141C063FC600F37DA8 /* Debug */,
				A6CB4F151C063FC600F37DA8 /* Release */,
			);
			defaultConfigurationIsVisible = 0;
		};
		A6CB4F161C063FC600F37DA8 /* Build configuration list for PBXNativeTarget "SwiftRSSTests" */ = {
			isa = XCConfigurationList;
			buildConfigurations = (
				A6CB4F171C063FC600F37DA8 /* Debug */,
				A6CB4F181C063FC600F37DA8 /* Release */,
			);
			defaultConfigurationIsVisible = 0;
		};
		A6CB4F191C063FC600F37DA8 /* Build configuration list for PBXNativeTarget "SwiftRSSUITests" */ = {
			isa = XCConfigurationList;
			buildConfigurations = (
				A6CB4F1A1C063FC600F37DA8 /* Debug */,
				A6CB4F1B1C063FC600F37DA8 /* Release */,
			);
			defaultConfigurationIsVisible = 0;
		};
/* End XCConfigurationList section */
	};
	rootObject = A6CB4EE31C063FC600F37DA8 /* Project object */;
}
